// !$*UTF8*$!
{
	archiveVersion = 1;
	classes = {
	};
	objectVersion = 56;
	objects = {

/* Begin PBXBuildFile section */
		7A264AE12B72E0C000A6825B /* Euphoria.mp3 in Resources */ = {isa = PBXBuildFile; fileRef = 7A264AE02B72E0C000A6825B /* Euphoria.mp3 */; };
		7A264AE32B72EE3700A6825B /* ScannerViewController.swift in Sources */ = {isa = PBXBuildFile; fileRef = 7A264AE22B72EE3700A6825B /* ScannerViewController.swift */; };
		7A264AE52B72F73B00A6825B /* CustomTabBarController.swift in Sources */ = {isa = PBXBuildFile; fileRef = 7A264AE42B72F73B00A6825B /* CustomTabBarController.swift */; };
		7A3410E72B6EB53C003E5901 /* AppDelegate.swift in Sources */ = {isa = PBXBuildFile; fileRef = 7A3410E62B6EB53C003E5901 /* AppDelegate.swift */; };
		7A3410E92B6EB53C003E5901 /* SceneDelegate.swift in Sources */ = {isa = PBXBuildFile; fileRef = 7A3410E82B6EB53C003E5901 /* SceneDelegate.swift */; };
		7A3410EB2B6EB53C003E5901 /* CreateAlarmController.swift in Sources */ = {isa = PBXBuildFile; fileRef = 7A3410EA2B6EB53C003E5901 /* CreateAlarmController.swift */; };
		7A3410EE2B6EB53C003E5901 /* Main.storyboard in Resources */ = {isa = PBXBuildFile; fileRef = 7A3410EC2B6EB53C003E5901 /* Main.storyboard */; };
		7A3410F12B6EB53C003E5901 /* SmartAlarmClock.xcdatamodeld in Sources */ = {isa = PBXBuildFile; fileRef = 7A3410EF2B6EB53C003E5901 /* SmartAlarmClock.xcdatamodeld */; };
		7A3410F32B6EB53E003E5901 /* Assets.xcassets in Resources */ = {isa = PBXBuildFile; fileRef = 7A3410F22B6EB53E003E5901 /* Assets.xcassets */; };
		7A3410F62B6EB53E003E5901 /* LaunchScreen.storyboard in Resources */ = {isa = PBXBuildFile; fileRef = 7A3410F42B6EB53E003E5901 /* LaunchScreen.storyboard */; };
		7A3411062B6EB723003E5901 /* Alarm.swift in Sources */ = {isa = PBXBuildFile; fileRef = 7A3411052B6EB723003E5901 /* Alarm.swift */; };
		7A3411082B6EB72D003E5901 /* Scanner.swift in Sources */ = {isa = PBXBuildFile; fileRef = 7A3411072B6EB72D003E5901 /* Scanner.swift */; };
		7A34110C2B6EB7F1003E5901 /* ManagerCoreData.swift in Sources */ = {isa = PBXBuildFile; fileRef = 7A34110B2B6EB7F1003E5901 /* ManagerCoreData.swift */; };
		7A3411172B6ECFC9003E5901 /* ManagerUserDefaults.swift in Sources */ = {isa = PBXBuildFile; fileRef = 7A3411162B6ECFC9003E5901 /* ManagerUserDefaults.swift */; };
		7A34111A2B6F0648003E5901 /* ManagerDataFormatting.swift in Sources */ = {isa = PBXBuildFile; fileRef = 7A3411192B6F0648003E5901 /* ManagerDataFormatting.swift */; };
		7A34111D2B7024D7003E5901 /* ManagerSettingAlarmEvent.swift in Sources */ = {isa = PBXBuildFile; fileRef = 7A34111C2B7024D7003E5901 /* ManagerSettingAlarmEvent.swift */; };
		7A3411252B703781003E5901 /* Constraints in Frameworks */ = {isa = PBXBuildFile; productRef = 7A3411242B703781003E5901 /* Constraints */; };
		7A34112B2B708964003E5901 /* testSoundCaf.caf in Resources */ = {isa = PBXBuildFile; fileRef = 7A34112A2B708964003E5901 /* testSoundCaf.caf */; };
		7A34112E2B70A2B0003E5901 /* Radar-1.mp3 in Resources */ = {isa = PBXBuildFile; fileRef = 7A34112D2B70A2B0003E5901 /* Radar-1.mp3 */; };
		7A3411322B70B913003E5901 /* SaveButton.swift in Sources */ = {isa = PBXBuildFile; fileRef = 7A3411312B70B913003E5901 /* SaveButton.swift */; };
		7A3411342B70C76E003E5901 /* CreateButton.swift in Sources */ = {isa = PBXBuildFile; fileRef = 7A3411332B70C76E003E5901 /* CreateButton.swift */; };
		7A3411382B70D2C2003E5901 /* ScanButton.swift in Sources */ = {isa = PBXBuildFile; fileRef = 7A3411372B70D2C2003E5901 /* ScanButton.swift */; };
		7ABA85D32B758143009FFDB5 /* ListNameController.swift in Sources */ = {isa = PBXBuildFile; fileRef = 7ABA85D22B758143009FFDB5 /* ListNameController.swift */; };
		7AEC3C762B75C3D700BD9B63 /* TimerAlarmViewController.swift in Sources */ = {isa = PBXBuildFile; fileRef = 7AEC3C752B75C3D700BD9B63 /* TimerAlarmViewController.swift */; };
		7AEC3C782B76632100BD9B63 /* SaveProduktController.swift in Sources */ = {isa = PBXBuildFile; fileRef = 7AEC3C772B76632100BD9B63 /* SaveProduktController.swift */; };
		7AEC3C7B2B766D4300BD9B63 /* ShadowedRoundedView.swift in Sources */ = {isa = PBXBuildFile; fileRef = 7AEC3C7A2B766D4300BD9B63 /* ShadowedRoundedView.swift */; };
		7AEC3C7D2B76C35400BD9B63 /* TextField.swift in Sources */ = {isa = PBXBuildFile; fileRef = 7AEC3C7C2B76C35400BD9B63 /* TextField.swift */; };
		7AEC3C812B76E85500BD9B63 /* MCEmojiPicker in Frameworks */ = {isa = PBXBuildFile; productRef = 7AEC3C802B76E85500BD9B63 /* MCEmojiPicker */; };
		7AFDAD6D2B7705940028D351 /* ClockAlarm+CoreDataProperties.swift in Sources */ = {isa = PBXBuildFile; fileRef = 7AFDAD6C2B7705880028D351 /* ClockAlarm+CoreDataProperties.swift */; };
		7AFDAD6E2B7705960028D351 /* ClockAlarm+CoreDataClass.swift in Sources */ = {isa = PBXBuildFile; fileRef = 7AFDAD6B2B7705880028D351 /* ClockAlarm+CoreDataClass.swift */; };
/* End PBXBuildFile section */

/* Begin PBXFileReference section */
		7A264ADD2B72518300A6825B /* SmartAlarmClock.app */ = {isa = PBXFileReference; explicitFileType = wrapper.application; includeInIndex = 0; path = SmartAlarmClock.app; sourceTree = BUILT_PRODUCTS_DIR; };
		7A264AE02B72E0C000A6825B /* Euphoria.mp3 */ = {isa = PBXFileReference; lastKnownFileType = audio.mp3; path = Euphoria.mp3; sourceTree = "<group>"; };
		7A264AE22B72EE3700A6825B /* ScannerViewController.swift */ = {isa = PBXFileReference; lastKnownFileType = sourcecode.swift; path = ScannerViewController.swift; sourceTree = "<group>"; };
		7A264AE42B72F73B00A6825B /* CustomTabBarController.swift */ = {isa = PBXFileReference; lastKnownFileType = sourcecode.swift; path = CustomTabBarController.swift; sourceTree = "<group>"; };
		7A3410E62B6EB53C003E5901 /* AppDelegate.swift */ = {isa = PBXFileReference; lastKnownFileType = sourcecode.swift; path = AppDelegate.swift; sourceTree = "<group>"; };
		7A3410E82B6EB53C003E5901 /* SceneDelegate.swift */ = {isa = PBXFileReference; lastKnownFileType = sourcecode.swift; path = SceneDelegate.swift; sourceTree = "<group>"; };
		7A3410EA2B6EB53C003E5901 /* CreateAlarmController.swift */ = {isa = PBXFileReference; lastKnownFileType = sourcecode.swift; path = CreateAlarmController.swift; sourceTree = "<group>"; };
		7A3410ED2B6EB53C003E5901 /* Base */ = {isa = PBXFileReference; lastKnownFileType = file.storyboard; name = Base; path = Base.lproj/Main.storyboard; sourceTree = "<group>"; };
		7A3410F02B6EB53C003E5901 /* SmartAlarmClock.xcdatamodel */ = {isa = PBXFileReference; lastKnownFileType = wrapper.xcdatamodel; path = SmartAlarmClock.xcdatamodel; sourceTree = "<group>"; };
		7A3410F22B6EB53E003E5901 /* Assets.xcassets */ = {isa = PBXFileReference; lastKnownFileType = folder.assetcatalog; path = Assets.xcassets; sourceTree = "<group>"; };
		7A3410F52B6EB53E003E5901 /* Base */ = {isa = PBXFileReference; lastKnownFileType = file.storyboard; name = Base; path = Base.lproj/LaunchScreen.storyboard; sourceTree = "<group>"; };
		7A3410F72B6EB53E003E5901 /* Info.plist */ = {isa = PBXFileReference; lastKnownFileType = text.plist.xml; path = Info.plist; sourceTree = "<group>"; };
		7A3411052B6EB723003E5901 /* Alarm.swift */ = {isa = PBXFileReference; fileEncoding = 4; lastKnownFileType = sourcecode.swift; path = Alarm.swift; sourceTree = "<group>"; };
		7A3411072B6EB72D003E5901 /* Scanner.swift */ = {isa = PBXFileReference; fileEncoding = 4; lastKnownFileType = sourcecode.swift; path = Scanner.swift; sourceTree = "<group>"; };
		7A34110B2B6EB7F1003E5901 /* ManagerCoreData.swift */ = {isa = PBXFileReference; lastKnownFileType = sourcecode.swift; path = ManagerCoreData.swift; sourceTree = "<group>"; };
		7A3411162B6ECFC9003E5901 /* ManagerUserDefaults.swift */ = {isa = PBXFileReference; lastKnownFileType = sourcecode.swift; path = ManagerUserDefaults.swift; sourceTree = "<group>"; };
		7A3411192B6F0648003E5901 /* ManagerDataFormatting.swift */ = {isa = PBXFileReference; lastKnownFileType = sourcecode.swift; path = ManagerDataFormatting.swift; sourceTree = "<group>"; };
		7A34111C2B7024D7003E5901 /* ManagerSettingAlarmEvent.swift */ = {isa = PBXFileReference; lastKnownFileType = sourcecode.swift; path = ManagerSettingAlarmEvent.swift; sourceTree = "<group>"; };
		7A34112A2B708964003E5901 /* testSoundCaf.caf */ = {isa = PBXFileReference; lastKnownFileType = file; path = testSoundCaf.caf; sourceTree = "<group>"; };
		7A34112D2B70A2B0003E5901 /* Radar-1.mp3 */ = {isa = PBXFileReference; lastKnownFileType = audio.mp3; path = "Radar-1.mp3"; sourceTree = "<group>"; };
		7A3411312B70B913003E5901 /* SaveButton.swift */ = {isa = PBXFileReference; lastKnownFileType = sourcecode.swift; path = SaveButton.swift; sourceTree = "<group>"; };
		7A3411332B70C76E003E5901 /* CreateButton.swift */ = {isa = PBXFileReference; lastKnownFileType = sourcecode.swift; path = CreateButton.swift; sourceTree = "<group>"; };
		7A3411372B70D2C2003E5901 /* ScanButton.swift */ = {isa = PBXFileReference; lastKnownFileType = sourcecode.swift; path = ScanButton.swift; sourceTree = "<group>"; };
		7ABA85D22B758143009FFDB5 /* ListNameController.swift */ = {isa = PBXFileReference; lastKnownFileType = sourcecode.swift; path = ListNameController.swift; sourceTree = "<group>"; };
		7AEC3C752B75C3D700BD9B63 /* TimerAlarmViewController.swift */ = {isa = PBXFileReference; lastKnownFileType = sourcecode.swift; path = TimerAlarmViewController.swift; sourceTree = "<group>"; };
		7AEC3C772B76632100BD9B63 /* SaveProduktController.swift */ = {isa = PBXFileReference; lastKnownFileType = sourcecode.swift; path = SaveProduktController.swift; sourceTree = "<group>"; };
		7AEC3C7A2B766D4300BD9B63 /* ShadowedRoundedView.swift */ = {isa = PBXFileReference; lastKnownFileType = sourcecode.swift; path = ShadowedRoundedView.swift; sourceTree = "<group>"; };
		7AEC3C7C2B76C35400BD9B63 /* TextField.swift */ = {isa = PBXFileReference; lastKnownFileType = sourcecode.swift; path = TextField.swift; sourceTree = "<group>"; };
		7AFDAD6B2B7705880028D351 /* ClockAlarm+CoreDataClass.swift */ = {isa = PBXFileReference; lastKnownFileType = sourcecode.swift; path = "ClockAlarm+CoreDataClass.swift"; sourceTree = "<group>"; };
		7AFDAD6C2B7705880028D351 /* ClockAlarm+CoreDataProperties.swift */ = {isa = PBXFileReference; lastKnownFileType = sourcecode.swift; path = "ClockAlarm+CoreDataProperties.swift"; sourceTree = "<group>"; };
/* End PBXFileReference section */

/* Begin PBXFrameworksBuildPhase section */
		7A3410E02B6EB53C003E5901 /* Frameworks */ = {
			isa = PBXFrameworksBuildPhase;
			buildActionMask = 2147483647;
			files = (
				7A3411252B703781003E5901 /* Constraints in Frameworks */,
				7AEC3C812B76E85500BD9B63 /* MCEmojiPicker in Frameworks */,
			);
			runOnlyForDeploymentPostprocessing = 0;
		};
/* End PBXFrameworksBuildPhase section */

/* Begin PBXGroup section */
		7A3410DA2B6EB53C003E5901 = {
			isa = PBXGroup;
			children = (
				7A3410E52B6EB53C003E5901 /* SmartAlarmClock */,
				7A264ADD2B72518300A6825B /* SmartAlarmClock.app */,
			);
			sourceTree = "<group>";
		};
		7A3410E52B6EB53C003E5901 /* SmartAlarmClock */ = {
			isa = PBXGroup;
			children = (
				7ABA85D12B7580DC009FFDB5 /* TabBarController */,
				7A34112C2B70A0DD003E5901 /* Componets */,
				7A3411092B6EB78E003E5901 /* Services */,
				7A3411022B6EB6A3003E5901 /* Models */,
				7A3411012B6EB633003E5901 /* Controlers */,
				7A3410FD2B6EB552003E5901 /* Resources */,
				7A3410F72B6EB53E003E5901 /* Info.plist */,
			);
			path = SmartAlarmClock;
			sourceTree = "<group>";
		};
		7A3410FD2B6EB552003E5901 /* Resources */ = {
			isa = PBXGroup;
			children = (
				7A3411212B702FFD003E5901 /* Sounds */,
				7A3411002B6EB5F9003E5901 /* Assets */,
				7A3410FF2B6EB5C6003E5901 /* Main */,
				7A3410FE2B6EB578003E5901 /* Launch */,
			);
			path = Resources;
			sourceTree = "<group>";
		};
		7A3410FE2B6EB578003E5901 /* Launch */ = {
			isa = PBXGroup;
			children = (
				7A3410EC2B6EB53C003E5901 /* Main.storyboard */,
				7A3410F42B6EB53E003E5901 /* LaunchScreen.storyboard */,
			);
			path = Launch;
			sourceTree = "<group>";
		};
		7A3410FF2B6EB5C6003E5901 /* Main */ = {
			isa = PBXGroup;
			children = (
				7A3410E82B6EB53C003E5901 /* SceneDelegate.swift */,
				7A3410E62B6EB53C003E5901 /* AppDelegate.swift */,
			);
			path = Main;
			sourceTree = "<group>";
		};
		7A3411002B6EB5F9003E5901 /* Assets */ = {
			isa = PBXGroup;
			children = (
				7A3410F22B6EB53E003E5901 /* Assets.xcassets */,
			);
			path = Assets;
			sourceTree = "<group>";
		};
		7A3411012B6EB633003E5901 /* Controlers */ = {
			isa = PBXGroup;
			children = (
				7AA8E31B2B7A499400986377 /* TableView */,
				7A3410EA2B6EB53C003E5901 /* CreateAlarmController.swift */,
				7A264AE22B72EE3700A6825B /* ScannerViewController.swift */,
				7ABA85D22B758143009FFDB5 /* ListNameController.swift */,
				7AEC3C752B75C3D700BD9B63 /* TimerAlarmViewController.swift */,
				7AEC3C772B76632100BD9B63 /* SaveProduktController.swift */,
			);
			path = Controlers;
			sourceTree = "<group>";
		};
		7A3411022B6EB6A3003E5901 /* Models */ = {
			isa = PBXGroup;
			children = (
				7A3411052B6EB723003E5901 /* Alarm.swift */,
				7A3411072B6EB72D003E5901 /* Scanner.swift */,
			);
			path = Models;
			sourceTree = "<group>";
		};
		7A3411092B6EB78E003E5901 /* Services */ = {
			isa = PBXGroup;
			children = (
				7A34111B2B70233D003E5901 /* SettingAlarmEvent */,
				7A3411182B6F058D003E5901 /* DateFormatting */,
				7A3411152B6ECFAA003E5901 /* UserDefaults */,
				7A34110A2B6EB7B0003E5901 /* CoreData */,
			);
			path = Services;
			sourceTree = "<group>";
		};
		7A34110A2B6EB7B0003E5901 /* CoreData */ = {
			isa = PBXGroup;
			children = (
				7A3410EF2B6EB53C003E5901 /* SmartAlarmClock.xcdatamodeld */,
				7AFDAD6C2B7705880028D351 /* ClockAlarm+CoreDataProperties.swift */,
				7AFDAD6B2B7705880028D351 /* ClockAlarm+CoreDataClass.swift */,
				7A34110B2B6EB7F1003E5901 /* ManagerCoreData.swift */,
			);
			path = CoreData;
			sourceTree = "<group>";
		};
		7A3411152B6ECFAA003E5901 /* UserDefaults */ = {
			isa = PBXGroup;
			children = (
				7A3411162B6ECFC9003E5901 /* ManagerUserDefaults.swift */,
			);
			path = UserDefaults;
			sourceTree = "<group>";
		};
		7A3411182B6F058D003E5901 /* DateFormatting */ = {
			isa = PBXGroup;
			children = (
				7A3411192B6F0648003E5901 /* ManagerDataFormatting.swift */,
			);
			path = DateFormatting;
			sourceTree = "<group>";
		};
		7A34111B2B70233D003E5901 /* SettingAlarmEvent */ = {
			isa = PBXGroup;
			children = (
				7A34111C2B7024D7003E5901 /* ManagerSettingAlarmEvent.swift */,
			);
			path = SettingAlarmEvent;
			sourceTree = "<group>";
		};
		7A3411212B702FFD003E5901 /* Sounds */ = {
			isa = PBXGroup;
			children = (
				7A264AE02B72E0C000A6825B /* Euphoria.mp3 */,
				7A34112D2B70A2B0003E5901 /* Radar-1.mp3 */,
				7A34112A2B708964003E5901 /* testSoundCaf.caf */,
			);
			path = Sounds;
			sourceTree = "<group>";
		};
		7A34112C2B70A0DD003E5901 /* Componets */ = {
			isa = PBXGroup;
			children = (
				7AEC3C7E2B76C5B600BD9B63 /* TextField */,
				7AEC3C792B766D2F00BD9B63 /* UIView */,
				7A3411302B70B8D8003E5901 /* Buttons */,
			);
			path = Componets;
			sourceTree = "<group>";
		};
		7A3411302B70B8D8003E5901 /* Buttons */ = {
			isa = PBXGroup;
			children = (
				7A3411312B70B913003E5901 /* SaveButton.swift */,
				7A3411332B70C76E003E5901 /* CreateButton.swift */,
				7A3411372B70D2C2003E5901 /* ScanButton.swift */,
			);
			path = Buttons;
			sourceTree = "<group>";
		};
		7AA8E31B2B7A499400986377 /* TableView */ = {
			isa = PBXGroup;
			children = (
			);
			path = TableView;
			sourceTree = "<group>";
		};
		7ABA85D12B7580DC009FFDB5 /* TabBarController */ = {
			isa = PBXGroup;
			children = (
				7A264AE42B72F73B00A6825B /* CustomTabBarController.swift */,
			);
			path = TabBarController;
			sourceTree = "<group>";
		};
		7AEC3C792B766D2F00BD9B63 /* UIView */ = {
			isa = PBXGroup;
			children = (
				7AEC3C7A2B766D4300BD9B63 /* ShadowedRoundedView.swift */,
			);
			path = UIView;
			sourceTree = "<group>";
		};
		7AEC3C7E2B76C5B600BD9B63 /* TextField */ = {
			isa = PBXGroup;
			children = (
				7AEC3C7C2B76C35400BD9B63 /* TextField.swift */,
			);
			path = TextField;
			sourceTree = "<group>";
		};
/* End PBXGroup section */

/* Begin PBXNativeTarget section */
		7A3410E22B6EB53C003E5901 /* SmartAlarmClock */ = {
			isa = PBXNativeTarget;
			buildConfigurationList = 7A3410FA2B6EB53E003E5901 /* Build configuration list for PBXNativeTarget "SmartAlarmClock" */;
			buildPhases = (
				7A3410DF2B6EB53C003E5901 /* Sources */,
				7A3410E02B6EB53C003E5901 /* Frameworks */,
				7A3410E12B6EB53C003E5901 /* Resources */,
			);
			buildRules = (
			);
			dependencies = (
			);
			name = SmartAlarmClock;
			packageProductDependencies = (
				7A3411242B703781003E5901 /* Constraints */,
				7AEC3C802B76E85500BD9B63 /* MCEmojiPicker */,
			);
			productName = SmartAlarmClock;
			productReference = 7A264ADD2B72518300A6825B /* SmartAlarmClock.app */;
			productType = "com.apple.product-type.application";
		};
/* End PBXNativeTarget section */

/* Begin PBXProject section */
		7A3410DB2B6EB53C003E5901 /* Project object */ = {
			isa = PBXProject;
			attributes = {
				BuildIndependentTargetsInParallel = 1;
				LastSwiftUpdateCheck = 1430;
				LastUpgradeCheck = 1430;
				TargetAttributes = {
					7A3410E22B6EB53C003E5901 = {
						CreatedOnToolsVersion = 14.3;
					};
				};
			};
			buildConfigurationList = 7A3410DE2B6EB53C003E5901 /* Build configuration list for PBXProject "SmartAlarmClock" */;
			compatibilityVersion = "Xcode 14.0";
			developmentRegion = en;
			hasScannedForEncodings = 0;
			knownRegions = (
				en,
				Base,
			);
			mainGroup = 7A3410DA2B6EB53C003E5901;
			packageReferences = (
				7A3411232B703781003E5901 /* XCRemoteSwiftPackageReference "Constraints" */,
				7AEC3C7F2B76E85400BD9B63 /* XCRemoteSwiftPackageReference "MCEmojiPicker" */,
			);
			productRefGroup = 7A3410DA2B6EB53C003E5901;
			projectDirPath = "";
			projectRoot = "";
			targets = (
				7A3410E22B6EB53C003E5901 /* SmartAlarmClock */,
			);
		};
/* End PBXProject section */

/* Begin PBXResourcesBuildPhase section */
		7A3410E12B6EB53C003E5901 /* Resources */ = {
			isa = PBXResourcesBuildPhase;
			buildActionMask = 2147483647;
			files = (
				7A264AE12B72E0C000A6825B /* Euphoria.mp3 in Resources */,
				7A34112B2B708964003E5901 /* testSoundCaf.caf in Resources */,
				7A3410F62B6EB53E003E5901 /* LaunchScreen.storyboard in Resources */,
				7A34112E2B70A2B0003E5901 /* Radar-1.mp3 in Resources */,
				7A3410F32B6EB53E003E5901 /* Assets.xcassets in Resources */,
				7A3410EE2B6EB53C003E5901 /* Main.storyboard in Resources */,
			);
			runOnlyForDeploymentPostprocessing = 0;
		};
/* End PBXResourcesBuildPhase section */

/* Begin PBXSourcesBuildPhase section */
		7A3410DF2B6EB53C003E5901 /* Sources */ = {
			isa = PBXSourcesBuildPhase;
			buildActionMask = 2147483647;
			files = (
				7A3410F12B6EB53C003E5901 /* SmartAlarmClock.xcdatamodeld in Sources */,
				7A3410EB2B6EB53C003E5901 /* CreateAlarmController.swift in Sources */,
				7A3411062B6EB723003E5901 /* Alarm.swift in Sources */,
				7A3410E72B6EB53C003E5901 /* AppDelegate.swift in Sources */,
				7A264AE32B72EE3700A6825B /* ScannerViewController.swift in Sources */,
				7A34110C2B6EB7F1003E5901 /* ManagerCoreData.swift in Sources */,
				7AEC3C762B75C3D700BD9B63 /* TimerAlarmViewController.swift in Sources */,
				7A3411322B70B913003E5901 /* SaveButton.swift in Sources */,
				7AEC3C7D2B76C35400BD9B63 /* TextField.swift in Sources */,
				7A3411082B6EB72D003E5901 /* Scanner.swift in Sources */,
				7A34111D2B7024D7003E5901 /* ManagerSettingAlarmEvent.swift in Sources */,
				7A3411382B70D2C2003E5901 /* ScanButton.swift in Sources */,
				7A3411342B70C76E003E5901 /* CreateButton.swift in Sources */,
				7A3410E92B6EB53C003E5901 /* SceneDelegate.swift in Sources */,
				7A3411172B6ECFC9003E5901 /* ManagerUserDefaults.swift in Sources */,
				7AFDAD6D2B7705940028D351 /* ClockAlarm+CoreDataProperties.swift in Sources */,
				7AFDAD6E2B7705960028D351 /* ClockAlarm+CoreDataClass.swift in Sources */,
				7AEC3C7B2B766D4300BD9B63 /* ShadowedRoundedView.swift in Sources */,
				7A34111A2B6F0648003E5901 /* ManagerDataFormatting.swift in Sources */,
				7ABA85D32B758143009FFDB5 /* ListNameController.swift in Sources */,
				7AEC3C782B76632100BD9B63 /* SaveProduktController.swift in Sources */,
				7A264AE52B72F73B00A6825B /* CustomTabBarController.swift in Sources */,
			);
			runOnlyForDeploymentPostprocessing = 0;
		};
/* End PBXSourcesBuildPhase section */

/* Begin PBXVariantGroup section */
		7A3410EC2B6EB53C003E5901 /* Main.storyboard */ = {
			isa = PBXVariantGroup;
			children = (
				7A3410ED2B6EB53C003E5901 /* Base */,
			);
			name = Main.storyboard;
			sourceTree = "<group>";
		};
		7A3410F42B6EB53E003E5901 /* LaunchScreen.storyboard */ = {
			isa = PBXVariantGroup;
			children = (
				7A3410F52B6EB53E003E5901 /* Base */,
			);
			name = LaunchScreen.storyboard;
			sourceTree = "<group>";
		};
/* End PBXVariantGroup section */

/* Begin XCBuildConfiguration section */
		7A3410F82B6EB53E003E5901 /* Debug */ = {
			isa = XCBuildConfiguration;
			buildSettings = {
				ALWAYS_SEARCH_USER_PATHS = NO;
				CLANG_ANALYZER_NONNULL = YES;
				CLANG_ANALYZER_NUMBER_OBJECT_CONVERSION = YES_AGGRESSIVE;
				CLANG_CXX_LANGUAGE_STANDARD = "gnu++20";
				CLANG_ENABLE_MODULES = YES;
				CLANG_ENABLE_OBJC_ARC = YES;
				CLANG_ENABLE_OBJC_WEAK = YES;
				CLANG_WARN_BLOCK_CAPTURE_AUTORELEASING = YES;
				CLANG_WARN_BOOL_CONVERSION = YES;
				CLANG_WARN_COMMA = YES;
				CLANG_WARN_CONSTANT_CONVERSION = YES;
				CLANG_WARN_DEPRECATED_OBJC_IMPLEMENTATIONS = YES;
				CLANG_WARN_DIRECT_OBJC_ISA_USAGE = YES_ERROR;
				CLANG_WARN_DOCUMENTATION_COMMENTS = YES;
				CLANG_WARN_EMPTY_BODY = YES;
				CLANG_WARN_ENUM_CONVERSION = YES;
				CLANG_WARN_INFINITE_RECURSION = YES;
				CLANG_WARN_INT_CONVERSION = YES;
				CLANG_WARN_NON_LITERAL_NULL_CONVERSION = YES;
				CLANG_WARN_OBJC_IMPLICIT_RETAIN_SELF = YES;
				CLANG_WARN_OBJC_LITERAL_CONVERSION = YES;
				CLANG_WARN_OBJC_ROOT_CLASS = YES_ERROR;
				CLANG_WARN_QUOTED_INCLUDE_IN_FRAMEWORK_HEADER = YES;
				CLANG_WARN_RANGE_LOOP_ANALYSIS = YES;
				CLANG_WARN_STRICT_PROTOTYPES = YES;
				CLANG_WARN_SUSPICIOUS_MOVE = YES;
				CLANG_WARN_UNGUARDED_AVAILABILITY = YES_AGGRESSIVE;
				CLANG_WARN_UNREACHABLE_CODE = YES;
				CLANG_WARN__DUPLICATE_METHOD_MATCH = YES;
				COPY_PHASE_STRIP = NO;
				DEBUG_INFORMATION_FORMAT = dwarf;
				ENABLE_STRICT_OBJC_MSGSEND = YES;
				ENABLE_TESTABILITY = YES;
				GCC_C_LANGUAGE_STANDARD = gnu11;
				GCC_DYNAMIC_NO_PIC = NO;
				GCC_NO_COMMON_BLOCKS = YES;
				GCC_OPTIMIZATION_LEVEL = 0;
				GCC_PREPROCESSOR_DEFINITIONS = (
					"DEBUG=1",
					"$(inherited)",
				);
				GCC_WARN_64_TO_32_BIT_CONVERSION = YES;
				GCC_WARN_ABOUT_RETURN_TYPE = YES_ERROR;
				GCC_WARN_UNDECLARED_SELECTOR = YES;
				GCC_WARN_UNINITIALIZED_AUTOS = YES_AGGRESSIVE;
				GCC_WARN_UNUSED_FUNCTION = YES;
				GCC_WARN_UNUSED_VARIABLE = YES;
				IPHONEOS_DEPLOYMENT_TARGET = 16.4;
				MTL_ENABLE_DEBUG_INFO = INCLUDE_SOURCE;
				MTL_FAST_MATH = YES;
				ONLY_ACTIVE_ARCH = YES;
				SDKROOT = iphoneos;
				SWIFT_ACTIVE_COMPILATION_CONDITIONS = DEBUG;
				SWIFT_OPTIMIZATION_LEVEL = "-Onone";
			};
			name = Debug;
		};
		7A3410F92B6EB53E003E5901 /* Release */ = {
			isa = XCBuildConfiguration;
			buildSettings = {
				ALWAYS_SEARCH_USER_PATHS = NO;
				CLANG_ANALYZER_NONNULL = YES;
				CLANG_ANALYZER_NUMBER_OBJECT_CONVERSION = YES_AGGRESSIVE;
				CLANG_CXX_LANGUAGE_STANDARD = "gnu++20";
				CLANG_ENABLE_MODULES = YES;
				CLANG_ENABLE_OBJC_ARC = YES;
				CLANG_ENABLE_OBJC_WEAK = YES;
				CLANG_WARN_BLOCK_CAPTURE_AUTORELEASING = YES;
				CLANG_WARN_BOOL_CONVERSION = YES;
				CLANG_WARN_COMMA = YES;
				CLANG_WARN_CONSTANT_CONVERSION = YES;
				CLANG_WARN_DEPRECATED_OBJC_IMPLEMENTATIONS = YES;
				CLANG_WARN_DIRECT_OBJC_ISA_USAGE = YES_ERROR;
				CLANG_WARN_DOCUMENTATION_COMMENTS = YES;
				CLANG_WARN_EMPTY_BODY = YES;
				CLANG_WARN_ENUM_CONVERSION = YES;
				CLANG_WARN_INFINITE_RECURSION = YES;
				CLANG_WARN_INT_CONVERSION = YES;
				CLANG_WARN_NON_LITERAL_NULL_CONVERSION = YES;
				CLANG_WARN_OBJC_IMPLICIT_RETAIN_SELF = YES;
				CLANG_WARN_OBJC_LITERAL_CONVERSION = YES;
				CLANG_WARN_OBJC_ROOT_CLASS = YES_ERROR;
				CLANG_WARN_QUOTED_INCLUDE_IN_FRAMEWORK_HEADER = YES;
				CLANG_WARN_RANGE_LOOP_ANALYSIS = YES;
				CLANG_WARN_STRICT_PROTOTYPES = YES;
				CLANG_WARN_SUSPICIOUS_MOVE = YES;
				CLANG_WARN_UNGUARDED_AVAILABILITY = YES_AGGRESSIVE;
				CLANG_WARN_UNREACHABLE_CODE = YES;
				CLANG_WARN__DUPLICATE_METHOD_MATCH = YES;
				COPY_PHASE_STRIP = NO;
				DEBUG_INFORMATION_FORMAT = "dwarf-with-dsym";
				ENABLE_NS_ASSERTIONS = NO;
				ENABLE_STRICT_OBJC_MSGSEND = YES;
				GCC_C_LANGUAGE_STANDARD = gnu11;
				GCC_NO_COMMON_BLOCKS = YES;
				GCC_WARN_64_TO_32_BIT_CONVERSION = YES;
				GCC_WARN_ABOUT_RETURN_TYPE = YES_ERROR;
				GCC_WARN_UNDECLARED_SELECTOR = YES;
				GCC_WARN_UNINITIALIZED_AUTOS = YES_AGGRESSIVE;
				GCC_WARN_UNUSED_FUNCTION = YES;
				GCC_WARN_UNUSED_VARIABLE = YES;
				IPHONEOS_DEPLOYMENT_TARGET = 16.4;
				MTL_ENABLE_DEBUG_INFO = NO;
				MTL_FAST_MATH = YES;
				SDKROOT = iphoneos;
				SWIFT_COMPILATION_MODE = wholemodule;
				SWIFT_OPTIMIZATION_LEVEL = "-O";
				VALIDATE_PRODUCT = YES;
			};
			name = Release;
		};
		7A3410FB2B6EB53E003E5901 /* Debug */ = {
			isa = XCBuildConfiguration;
			buildSettings = {
				ASSETCATALOG_COMPILER_APPICON_NAME = AppIcon;
				ASSETCATALOG_COMPILER_GLOBAL_ACCENT_COLOR_NAME = AccentColor;
				CODE_SIGN_STYLE = Automatic;
				CURRENT_PROJECT_VERSION = 1;
				DEVELOPMENT_TEAM = ACARHB9W6S;
				GENERATE_INFOPLIST_FILE = YES;
				INFOPLIST_FILE = SmartAlarmClock/Info.plist;
				INFOPLIST_KEY_NSCameraUsageDescription = "Allow access to the camera to scan QR codes.";
				INFOPLIST_KEY_NSMicrophoneUsageDescription = "Recording audio is necessary for playing music in the background.";
				INFOPLIST_KEY_UIApplicationSupportsIndirectInputEvents = YES;
				INFOPLIST_KEY_UILaunchStoryboardName = LaunchScreen;
				INFOPLIST_KEY_UIMainStoryboardFile = Main;
				INFOPLIST_KEY_UISupportedInterfaceOrientations_iPad = "UIInterfaceOrientationPortrait UIInterfaceOrientationPortraitUpsideDown UIInterfaceOrientationLandscapeLeft UIInterfaceOrientationLandscapeRight";
				INFOPLIST_KEY_UISupportedInterfaceOrientations_iPhone = "UIInterfaceOrientationPortrait UIInterfaceOrientationLandscapeLeft UIInterfaceOrientationLandscapeRight";
				IPHONEOS_DEPLOYMENT_TARGET = 14.0;
				LD_RUNPATH_SEARCH_PATHS = (
					"$(inherited)",
					"@executable_path/Frameworks",
				);
				MARKETING_VERSION = 1.0;
				PRODUCT_BUNDLE_IDENTIFIER = "-23.SmartAlarmClock";
				PRODUCT_NAME = "$(TARGET_NAME)";
				SWIFT_EMIT_LOC_STRINGS = YES;
				SWIFT_VERSION = 5.0;
				TARGETED_DEVICE_FAMILY = "1,2";
			};
			name = Debug;
		};
		7A3410FC2B6EB53E003E5901 /* Release */ = {
			isa = XCBuildConfiguration;
			buildSettings = {
				ASSETCATALOG_COMPILER_APPICON_NAME = AppIcon;
				ASSETCATALOG_COMPILER_GLOBAL_ACCENT_COLOR_NAME = AccentColor;
				CODE_SIGN_STYLE = Automatic;
				CURRENT_PROJECT_VERSION = 1;
				DEVELOPMENT_TEAM = ACARHB9W6S;
				GENERATE_INFOPLIST_FILE = YES;
				INFOPLIST_FILE = SmartAlarmClock/Info.plist;
				INFOPLIST_KEY_NSCameraUsageDescription = "Allow access to the camera to scan QR codes.";
				INFOPLIST_KEY_NSMicrophoneUsageDescription = "Recording audio is necessary for playing music in the background.";
				INFOPLIST_KEY_UIApplicationSupportsIndirectInputEvents = YES;
				INFOPLIST_KEY_UILaunchStoryboardName = LaunchScreen;
				INFOPLIST_KEY_UIMainStoryboardFile = Main;
				INFOPLIST_KEY_UISupportedInterfaceOrientations_iPad = "UIInterfaceOrientationPortrait UIInterfaceOrientationPortraitUpsideDown UIInterfaceOrientationLandscapeLeft UIInterfaceOrientationLandscapeRight";
				INFOPLIST_KEY_UISupportedInterfaceOrientations_iPhone = "UIInterfaceOrientationPortrait UIInterfaceOrientationLandscapeLeft UIInterfaceOrientationLandscapeRight";
				IPHONEOS_DEPLOYMENT_TARGET = 14.0;
				LD_RUNPATH_SEARCH_PATHS = (
					"$(inherited)",
					"@executable_path/Frameworks",
				);
				MARKETING_VERSION = 1.0;
				PRODUCT_BUNDLE_IDENTIFIER = "-23.SmartAlarmClock";
				PRODUCT_NAME = "$(TARGET_NAME)";
				SWIFT_EMIT_LOC_STRINGS = YES;
				SWIFT_VERSION = 5.0;
				TARGETED_DEVICE_FAMILY = "1,2";
			};
			name = Release;
		};
/* End XCBuildConfiguration section */

/* Begin XCConfigurationList section */
		7A3410DE2B6EB53C003E5901 /* Build configuration list for PBXProject "SmartAlarmClock" */ = {
			isa = XCConfigurationList;
			buildConfigurations = (
				7A3410F82B6EB53E003E5901 /* Debug */,
				7A3410F92B6EB53E003E5901 /* Release */,
			);
			defaultConfigurationIsVisible = 0;
			defaultConfigurationName = Release;
		};
		7A3410FA2B6EB53E003E5901 /* Build configuration list for PBXNativeTarget "SmartAlarmClock" */ = {
			isa = XCConfigurationList;
			buildConfigurations = (
				7A3410FB2B6EB53E003E5901 /* Debug */,
				7A3410FC2B6EB53E003E5901 /* Release */,
			);
			defaultConfigurationIsVisible = 0;
			defaultConfigurationName = Release;
		};
/* End XCConfigurationList section */

/* Begin XCRemoteSwiftPackageReference section */
		7A3411232B703781003E5901 /* XCRemoteSwiftPackageReference "Constraints" */ = {
			isa = XCRemoteSwiftPackageReference;
			repositoryURL = "https://github.com/cacich0/Constraints";
			requirement = {
				branch = main;
				kind = branch;
			};
		};
		7AEC3C7F2B76E85400BD9B63 /* XCRemoteSwiftPackageReference "MCEmojiPicker" */ = {
			isa = XCRemoteSwiftPackageReference;
			repositoryURL = "https://github.com/izyumkin/MCEmojiPicker";
			requirement = {
				kind = upToNextMajorVersion;
				minimumVersion = 1.2.3;
			};
		};
/* End XCRemoteSwiftPackageReference section */

/* Begin XCSwiftPackageProductDependency section */
		7A3411242B703781003E5901 /* Constraints */ = {
			isa = XCSwiftPackageProductDependency;
			package = 7A3411232B703781003E5901 /* XCRemoteSwiftPackageReference "Constraints" */;
			productName = Constraints;
		};
		7AEC3C802B76E85500BD9B63 /* MCEmojiPicker */ = {
			isa = XCSwiftPackageProductDependency;
			package = 7AEC3C7F2B76E85400BD9B63 /* XCRemoteSwiftPackageReference "MCEmojiPicker" */;
			productName = MCEmojiPicker;
		};
/* End XCSwiftPackageProductDependency section */

/* Begin XCVersionGroup section */
		7A3410EF2B6EB53C003E5901 /* SmartAlarmClock.xcdatamodeld */ = {
			isa = XCVersionGroup;
			children = (
				7A3410F02B6EB53C003E5901 /* SmartAlarmClock.xcdatamodel */,
			);
			currentVersion = 7A3410F02B6EB53C003E5901 /* SmartAlarmClock.xcdatamodel */;
			path = SmartAlarmClock.xcdatamodeld;
			sourceTree = "<group>";
			versionGroupType = wrapper.xcdatamodel;
		};
/* End XCVersionGroup section */
	};
	rootObject = 7A3410DB2B6EB53C003E5901 /* Project object */;
}
