{
  "pins" : [
    {
      "identity" : "constraints",
      "kind" : "remoteSourceControl",
      "location" : "https://github.com/cacich0/Constraints",
      "state" : {
        "branch" : "main",
        "revision" : "6ceb94ddffd1b36caa0b38b83ebf96137a0a1a4c"
      }
    },
    {
      "identity" : "mcemojipicker",
      "kind" : "remoteSourceControl",
      "location" : "https://github.com/izyumkin/MCEmojiPicker",
      "state" : {
        "revision" : "e0b4903b75ae1cc418d276d84d1cb946b8a1d73c",
        "version" : "1.2.3"
      }
    }
  ],
  "version" : 2
}
